{
    "_meta": {
        "hash": {
            "sha256": "885b7ac76447cee7dbcce79257b1d6c943861d2ed02e3ed7b64968952a84daed"
        },
        "pipfile-spec": 6,
        "requires": {
            "python_version": "3.6"
        },
        "sources": [
            {
                "name": "pypi",
                "url": "https://pypi.org/simple",
                "verify_ssl": true
            }
        ]
    },
    "default": {
        "python-http-client": {
            "hashes": [
                "sha256:7e430f4b9dd2b621b0051f6a362f103447ea8e267594c602a5c502a0c694ee38",
                "sha256:d022aeeea30d44f7e3848bc25bc338d8330717191b556454f8751309c836b656"
            ],
            "version": "==3.1.0"
        },
        "sendgrid": {
            "hashes": [
                "sha256:97eb356ea44a18a03e6fe99f02b7942445be306a50f73a7dd35471fe15cc0094",
                "sha256:9e9d3d75602b8853f174ec959d1af1ac168cd361cbcafc81285fa8c183f7a505"
            ],
            "index": "pypi",
            "version": "==5.6.0"
        }
    },
    "develop": {}
}
